# THIS IS AN AUTOGENERATED FILE. DO NOT EDIT THIS FILE DIRECTLY.
# yarn lockfile v1


math-random@^2.0.1:
  version "2.0.1"
  resolved "https://registry.yarnpkg.com/math-random/-/math-random-2.0.1.tgz#5604b16c6a9a4aee63aff13937fb909b27e46b3a"
  integrity sha512-oIEbWiVDxDpl5tIF4S6zYS9JExhh3bun3uLb3YAinHPTlRtW4g1S66LtJrJ4Npq8dgIa8CLK5iPVah5n4n0s2w==
